uuid: 58943c54-b6f3-4811-a378-15d656269327
langcode: en
status: false
dependencies:
  content:
    - 'block_content:basic:a7706135-c555-4061-9021-54b6e19536dc'
  module:
    - block_content
    - system
  theme:
    - bartik
id: custom_block
theme: bartik
region: content
weight: 0
provider: null
plugin: 'block_content:a7706135-c555-4061-9021-54b6e19536dc'
settings:
  id: 'block_content:a7706135-c555-4061-9021-54b6e19536dc'
  label: custom_block
  provider: block_content
  label_display: visible
  status: true
  info: ''
  view_mode: full
visibility:
  request_path:
    id: request_path
    pages: /an-task-28
    negate: false
